
Microsoft Visual Studio Solution File, Format Version 12.00
# Visual Studio Version 16
VisualStudioVersion = 16.0.30406.217
MinimumVisualStudioVersion = 10.0.40219.1
Project("{8BC9CEB8-8B4A-11D0-8D11-00A0C91BC942}") = "Back1", "Back1\Back1.vcxproj", "{1B0331D4-A4C1-433C-A472-675D7800EC1F}"
EndProject
Global
	GlobalSection(SolutionConfigurationPlatforms) = preSolution
		Debug|x64 = Debug|x64
		Debug|x86 = Debug|x86
		Release|x64 = Release|x64
		Release|x86 = Release|x86
	EndGlobalSection
	GlobalSection(ProjectConfigurationPlatforms) = postSolution
		{1B0331D4-A4C1-433C-A472-675D7800EC1F}.Debug|x64.ActiveCfg = Debug|x64
		{1B0331D4-A4C1-433C-A472-675D7800EC1F}.Debug|x64.Build.0 = Debug|x64
		{1B0331D4-A4C1-433C-A472-675D7800EC1F}.Debug|x86.ActiveCfg = Debug|Win32
		{1B0331D4-A4C1-433C-A472-675D7800EC1F}.Debug|x86.Build.0 = Debug|Win32
		{1B0331D4-A4C1-433C-A472-675D7800EC1F}.Release|x64.ActiveCfg = Release|x64
		{1B0331D4-A4C1-433C-A472-675D7800EC1F}.Release|x64.Build.0 = Release|x64
		{1B0331D4-A4C1-433C-A472-675D7800EC1F}.Release|x86.ActiveCfg = Release|Win32
		{1B0331D4-A4C1-433C-A472-675D7800EC1F}.Release|x86.Build.0 = Release|Win32
	EndGlobalSection
	GlobalSection(SolutionProperties) = preSolution
		HideSolutionNode = FALSE
	EndGlobalSection
	GlobalSection(ExtensibilityGlobals) = postSolution
		SolutionGuid = {EEC6C5EC-2C5C-45C6-B4BC-0D188B23378B}
	EndGlobalSection
EndGlobal
